# This file is automatically @generated by Poetry 1.5.4 and should not be changed by hand.

[[package]]
name = "django-user"
version = "0.2.1"
description = "Django User"
optional = false
python-versions = "*"
files = [
    {file = "django-user-0.2.1.tar.gz", hash = "sha256:ab0e502d234b0369a69405ea082797e19e9853e82be1c9044799cc98e32b3bf3"},
]

[metadata]
lock-version = "2.0"
python-versions = ">=3.10.0,<3.12"
content-hash = "e0635fa7fee9bf9cdb4d1912dcbd814c6b62c430eb5919bc2c490746a6e880e4"
